// !$*UTF8*$!
{
	archiveVersion = 1;
	classes = {
	};
	objectVersion = 50;
	objects = {

/* Begin PBXBuildFile section */
		434DE89124FFF446000C2356 /* AppDelegate.swift in Sources */ = {isa = PBXBuildFile; fileRef = 434DE89024FFF446000C2356 /* AppDelegate.swift */; };
		434DE89324FFF446000C2356 /* SceneDelegate.swift in Sources */ = {isa = PBXBuildFile; fileRef = 434DE89224FFF446000C2356 /* SceneDelegate.swift */; };
		434DE89524FFF446000C2356 /* CameraView.swift in Sources */ = {isa = PBXBuildFile; fileRef = 434DE89424FFF446000C2356 /* CameraView.swift */; };
		434DE89724FFF44D000C2356 /* Assets.xcassets in Resources */ = {isa = PBXBuildFile; fileRef = 434DE89624FFF44D000C2356 /* Assets.xcassets */; };
		434DE89A24FFF44D000C2356 /* Preview Assets.xcassets in Resources */ = {isa = PBXBuildFile; fileRef = 434DE89924FFF44D000C2356 /* Preview Assets.xcassets */; };
		434DE89D24FFF44D000C2356 /* LaunchScreen.storyboard in Resources */ = {isa = PBXBuildFile; fileRef = 434DE89B24FFF44D000C2356 /* LaunchScreen.storyboard */; };
		434DE8A824FFF44E000C2356 /* AIHappTests.swift in Sources */ = {isa = PBXBuildFile; fileRef = 434DE8A724FFF44E000C2356 /* AIHappTests.swift */; };
		434DE8B324FFF44E000C2356 /* AIHappUITests.swift in Sources */ = {isa = PBXBuildFile; fileRef = 434DE8B224FFF44E000C2356 /* AIHappUITests.swift */; };
		43659E44250983A6008E128D /* Group.swift in Sources */ = {isa = PBXBuildFile; fileRef = 43659E43250983A6008E128D /* Group.swift */; };
		43659E48250AA51A008E128D /* CameraEdit.swift in Sources */ = {isa = PBXBuildFile; fileRef = 43659E47250AA51A008E128D /* CameraEdit.swift */; };
		43659E4A250AA802008E128D /* MetaDataCell.swift in Sources */ = {isa = PBXBuildFile; fileRef = 43659E49250AA802008E128D /* MetaDataCell.swift */; };
		43659E4D250AACBF008E128D /* PersonHost.swift in Sources */ = {isa = PBXBuildFile; fileRef = 43659E4C250AACBF008E128D /* PersonHost.swift */; };
		43659E4F250AB20E008E128D /* userDate.swift in Sources */ = {isa = PBXBuildFile; fileRef = 43659E4E250AB20E008E128D /* userDate.swift */; };
		43659E51250AB642008E128D /* PersonSummary.swift in Sources */ = {isa = PBXBuildFile; fileRef = 43659E50250AB642008E128D /* PersonSummary.swift */; };
		43659E53250AD050008E128D /* Home.swift in Sources */ = {isa = PBXBuildFile; fileRef = 43659E52250AD050008E128D /* Home.swift */; };
		43659E55250AD101008E128D /* ViewRouter.swift in Sources */ = {isa = PBXBuildFile; fileRef = 43659E54250AD101008E128D /* ViewRouter.swift */; };
		43659E57250AF161008E128D /* CameraResult.swift in Sources */ = {isa = PBXBuildFile; fileRef = 43659E56250AF161008E128D /* CameraResult.swift */; };
		43659E59250BD5D1008E128D /* HistoryResult.swift in Sources */ = {isa = PBXBuildFile; fileRef = 43659E58250BD5D1008E128D /* HistoryResult.swift */; };
		43659E5B250BF966008E128D /* HomePage.swift in Sources */ = {isa = PBXBuildFile; fileRef = 43659E5A250BF966008E128D /* HomePage.swift */; };
		43659E5D250BFB8F008E128D /* AIH-logo.jpg in Resources */ = {isa = PBXBuildFile; fileRef = 43659E5C250BFB8F008E128D /* AIH-logo.jpg */; };
		43659E60250C1372008E128D /* Welcome.swift in Sources */ = {isa = PBXBuildFile; fileRef = 43659E5F250C1371008E128D /* Welcome.swift */; };
		43659E63250C13AD008E128D /* SideMenu.swift in Sources */ = {isa = PBXBuildFile; fileRef = 43659E62250C13AD008E128D /* SideMenu.swift */; };
		43659E67250FB028008E128D /* SliderView.swift in Sources */ = {isa = PBXBuildFile; fileRef = 43659E66250FB028008E128D /* SliderView.swift */; };
		43659E69250FB590008E128D /* GroupSearch.swift in Sources */ = {isa = PBXBuildFile; fileRef = 43659E68250FB590008E128D /* GroupSearch.swift */; };
		43659E6B250FE2DF008E128D /* SearchResult.swift in Sources */ = {isa = PBXBuildFile; fileRef = 43659E6A250FE2DF008E128D /* SearchResult.swift */; };
		43659E6D250FEE00008E128D /* TypicalButton.swift in Sources */ = {isa = PBXBuildFile; fileRef = 43659E6C250FEE00008E128D /* TypicalButton.swift */; };
		43659E6F2511064E008E128D /* PicCell.swift in Sources */ = {isa = PBXBuildFile; fileRef = 43659E6E2511064E008E128D /* PicCell.swift */; };
		43659E712511078D008E128D /* StructView.swift in Sources */ = {isa = PBXBuildFile; fileRef = 43659E702511078D008E128D /* StructView.swift */; };
		43659E7325112556008E128D /* GroupAddImage.swift in Sources */ = {isa = PBXBuildFile; fileRef = 43659E7225112556008E128D /* GroupAddImage.swift */; };
		43659E7925116276008E128D /* GroupAdd.swift in Sources */ = {isa = PBXBuildFile; fileRef = 43659E7825116276008E128D /* GroupAdd.swift */; };
		43659E7B251164C9008E128D /* EditImage.swift in Sources */ = {isa = PBXBuildFile; fileRef = 43659E7A251164C9008E128D /* EditImage.swift */; };
		43659E7D251164D6008E128D /* SaveImage.swift in Sources */ = {isa = PBXBuildFile; fileRef = 43659E7C251164D6008E128D /* SaveImage.swift */; };
		43659E81251264DD008E128D /* SearchSetting.swift in Sources */ = {isa = PBXBuildFile; fileRef = 43659E80251264DD008E128D /* SearchSetting.swift */; };
		43659E8325126DDE008E128D /* PhotoResult.swift in Sources */ = {isa = PBXBuildFile; fileRef = 43659E8225126DDE008E128D /* PhotoResult.swift */; };
		43659E852512ACD9008E128D /* TargetImage.swift in Sources */ = {isa = PBXBuildFile; fileRef = 43659E842512ACD9008E128D /* TargetImage.swift */; };
		43659E872512B47E008E128D /* SearchBar.swift in Sources */ = {isa = PBXBuildFile; fileRef = 43659E862512B47E008E128D /* SearchBar.swift */; };
		43659E892513A8CF008E128D /* SmallPortrait.swift in Sources */ = {isa = PBXBuildFile; fileRef = 43659E882513A8CF008E128D /* SmallPortrait.swift */; };
		43659E8C2513B257008E128D /* ImageAdd.swift in Sources */ = {isa = PBXBuildFile; fileRef = 43659E8B2513B257008E128D /* ImageAdd.swift */; };
		43659E902513BAE3008E128D /* GroupStructView.swift in Sources */ = {isa = PBXBuildFile; fileRef = 43659E8F2513BAE3008E128D /* GroupStructView.swift */; };
		43659E922513BDA3008E128D /* ImageDetail.swift in Sources */ = {isa = PBXBuildFile; fileRef = 43659E912513BDA3008E128D /* ImageDetail.swift */; };
		43659E942513D73B008E128D /* PersonDelete.swift in Sources */ = {isa = PBXBuildFile; fileRef = 43659E932513D73B008E128D /* PersonDelete.swift */; };
		43DD8A8525028BE50072A22B /* ImagePicker.swift in Sources */ = {isa = PBXBuildFile; fileRef = 43DD8A8425028BE50072A22B /* ImagePicker.swift */; };
		43DD8A8725028C1D0072A22B /* PhotoCaptureView.swift in Sources */ = {isa = PBXBuildFile; fileRef = 43DD8A8625028C1D0072A22B /* PhotoCaptureView.swift */; };
		43DD8A8B2502BAF70072A22B /* TableView.swift in Sources */ = {isa = PBXBuildFile; fileRef = 43DD8A8A2502BAF70072A22B /* TableView.swift */; };
		43DD8A942502DD740072A22B /* Person.swift in Sources */ = {isa = PBXBuildFile; fileRef = 43DD8A932502DD740072A22B /* Person.swift */; };
		43DD8A962502E1800072A22B /* Data.swift in Sources */ = {isa = PBXBuildFile; fileRef = 43DD8A952502E17F0072A22B /* Data.swift */; };
		43DD8A992502E1D00072A22B /* Data.json in Resources */ = {isa = PBXBuildFile; fileRef = 43DD8A982502E1D00072A22B /* Data.json */; };
		43DD8A9C2502E9C20072A22B /* Portrait.swift in Sources */ = {isa = PBXBuildFile; fileRef = 43DD8A9B2502E9C20072A22B /* Portrait.swift */; };
		43DD8A9E2502EBF30072A22B /* test.jpg in Resources */ = {isa = PBXBuildFile; fileRef = 43DD8A9D2502EBF30072A22B /* test.jpg */; };
		43DD8AA025069E860072A22B /* turtlerock.jpg in Resources */ = {isa = PBXBuildFile; fileRef = 43DD8A9F25069E850072A22B /* turtlerock.jpg */; };
		43DD8AA22506A3DE0072A22B /* PersonDetail.swift in Sources */ = {isa = PBXBuildFile; fileRef = 43DD8AA12506A3DE0072A22B /* PersonDetail.swift */; };
		43DD8AA42506A94C0072A22B /* PersonRow.swift in Sources */ = {isa = PBXBuildFile; fileRef = 43DD8AA32506A94C0072A22B /* PersonRow.swift */; };
		43DD8AA62506AA530072A22B /* PersonList.swift in Sources */ = {isa = PBXBuildFile; fileRef = 43DD8AA52506AA530072A22B /* PersonList.swift */; };
		43DD8AB32506B2300072A22B /* hiddenlake.jpg in Resources */ = {isa = PBXBuildFile; fileRef = 43DD8AA72506B22A0072A22B /* hiddenlake.jpg */; };
		43DD8AB42506B2300072A22B /* icybay.jpg in Resources */ = {isa = PBXBuildFile; fileRef = 43DD8AA82506B22B0072A22B /* icybay.jpg */; };
		43DD8AB52506B2300072A22B /* twinlake.jpg in Resources */ = {isa = PBXBuildFile; fileRef = 43DD8AA92506B22B0072A22B /* twinlake.jpg */; };
		43DD8AB62506B2300072A22B /* chincoteague.jpg in Resources */ = {isa = PBXBuildFile; fileRef = 43DD8AAA2506B22C0072A22B /* chincoteague.jpg */; };
		43DD8AB72506B2300072A22B /* lakemcdonald.jpg in Resources */ = {isa = PBXBuildFile; fileRef = 43DD8AAB2506B22C0072A22B /* lakemcdonald.jpg */; };
		43DD8AB82506B2300072A22B /* chilkoottrail.jpg in Resources */ = {isa = PBXBuildFile; fileRef = 43DD8AAC2506B22D0072A22B /* chilkoottrail.jpg */; };
		43DD8AB92506B2300072A22B /* stmarylake.jpg in Resources */ = {isa = PBXBuildFile; fileRef = 43DD8AAD2506B22D0072A22B /* stmarylake.jpg */; };
		43DD8ABA2506B2300072A22B /* turtlerock.jpg in Resources */ = {isa = PBXBuildFile; fileRef = 43DD8AAE2506B22E0072A22B /* turtlerock.jpg */; };
		43DD8ABB2506B2300072A22B /* yukon_charleyrivers.jpg in Resources */ = {isa = PBXBuildFile; fileRef = 43DD8AAF2506B22E0072A22B /* yukon_charleyrivers.jpg */; };
		43DD8ABC2506B2300072A22B /* rainbowlake.jpg in Resources */ = {isa = PBXBuildFile; fileRef = 43DD8AB02506B22F0072A22B /* rainbowlake.jpg */; };
		43DD8ABD2506B2300072A22B /* silversalmoncreek.jpg in Resources */ = {isa = PBXBuildFile; fileRef = 43DD8AB12506B22F0072A22B /* silversalmoncreek.jpg */; };
		43DD8ABE2506B2300072A22B /* umbagog.jpg in Resources */ = {isa = PBXBuildFile; fileRef = 43DD8AB22506B2300072A22B /* umbagog.jpg */; };
		43DD8AC02506B6B00072A22B /* blankImage.png in Resources */ = {isa = PBXBuildFile; fileRef = 43DD8ABF2506B6B00072A22B /* blankImage.png */; };
		43DD8AC5250816650072A22B /* AlbumSelect.swift in Sources */ = {isa = PBXBuildFile; fileRef = 43DD8AC4250816650072A22B /* AlbumSelect.swift */; };
		43DD8AC7250816870072A22B /* AlbumResult.swift in Sources */ = {isa = PBXBuildFile; fileRef = 43DD8AC6250816870072A22B /* AlbumResult.swift */; };
		43DD8ACB250818F40072A22B /* HistoryDateSelector.swift in Sources */ = {isa = PBXBuildFile; fileRef = 43DD8ACA250818F40072A22B /* HistoryDateSelector.swift */; };
		43DD8ACD250819150072A22B /* DateSelector.swift in Sources */ = {isa = PBXBuildFile; fileRef = 43DD8ACC250819150072A22B /* DateSelector.swift */; };
		43DD8AD1250930870072A22B /* SimilarityBar.swift in Sources */ = {isa = PBXBuildFile; fileRef = 43DD8AD0250930870072A22B /* SimilarityBar.swift */; };
/* End PBXBuildFile section */

/* Begin PBXContainerItemProxy section */
		434DE8A424FFF44E000C2356 /* PBXContainerItemProxy */ = {
			isa = PBXContainerItemProxy;
			containerPortal = 434DE88524FFF446000C2356 /* Project object */;
			proxyType = 1;
			remoteGlobalIDString = 434DE88C24FFF446000C2356;
			remoteInfo = AIHapp;
		};
		434DE8AF24FFF44E000C2356 /* PBXContainerItemProxy */ = {
			isa = PBXContainerItemProxy;
			containerPortal = 434DE88524FFF446000C2356 /* Project object */;
			proxyType = 1;
			remoteGlobalIDString = 434DE88C24FFF446000C2356;
			remoteInfo = AIHapp;
		};
/* End PBXContainerItemProxy section */

/* Begin PBXFileReference section */
		434DE88D24FFF446000C2356 /* AIHapp.app */ = {isa = PBXFileReference; explicitFileType = wrapper.application; includeInIndex = 0; path = AIHapp.app; sourceTree = BUILT_PRODUCTS_DIR; };
		434DE89024FFF446000C2356 /* AppDelegate.swift */ = {isa = PBXFileReference; lastKnownFileType = sourcecode.swift; path = AppDelegate.swift; sourceTree = "<group>"; };
		434DE89224FFF446000C2356 /* SceneDelegate.swift */ = {isa = PBXFileReference; lastKnownFileType = sourcecode.swift; path = SceneDelegate.swift; sourceTree = "<group>"; };
		434DE89424FFF446000C2356 /* CameraView.swift */ = {isa = PBXFileReference; lastKnownFileType = sourcecode.swift; path = CameraView.swift; sourceTree = "<group>"; };
		434DE89624FFF44D000C2356 /* Assets.xcassets */ = {isa = PBXFileReference; lastKnownFileType = folder.assetcatalog; path = Assets.xcassets; sourceTree = "<group>"; };
		434DE89924FFF44D000C2356 /* Preview Assets.xcassets */ = {isa = PBXFileReference; lastKnownFileType = folder.assetcatalog; path = "Preview Assets.xcassets"; sourceTree = "<group>"; };
		434DE89C24FFF44D000C2356 /* Base */ = {isa = PBXFileReference; lastKnownFileType = file.storyboard; name = Base; path = Base.lproj/LaunchScreen.storyboard; sourceTree = "<group>"; };
		434DE89E24FFF44D000C2356 /* Info.plist */ = {isa = PBXFileReference; lastKnownFileType = text.plist.xml; path = Info.plist; sourceTree = "<group>"; };
		434DE8A324FFF44E000C2356 /* AIHappTests.xctest */ = {isa = PBXFileReference; explicitFileType = wrapper.cfbundle; includeInIndex = 0; path = AIHappTests.xctest; sourceTree = BUILT_PRODUCTS_DIR; };
		434DE8A724FFF44E000C2356 /* AIHappTests.swift */ = {isa = PBXFileReference; lastKnownFileType = sourcecode.swift; path = AIHappTests.swift; sourceTree = "<group>"; };
		434DE8A924FFF44E000C2356 /* Info.plist */ = {isa = PBXFileReference; lastKnownFileType = text.plist.xml; path = Info.plist; sourceTree = "<group>"; };
		434DE8AE24FFF44E000C2356 /* AIHappUITests.xctest */ = {isa = PBXFileReference; explicitFileType = wrapper.cfbundle; includeInIndex = 0; path = AIHappUITests.xctest; sourceTree = BUILT_PRODUCTS_DIR; };
		434DE8B224FFF44E000C2356 /* AIHappUITests.swift */ = {isa = PBXFileReference; lastKnownFileType = sourcecode.swift; path = AIHappUITests.swift; sourceTree = "<group>"; };
		434DE8B424FFF44E000C2356 /* Info.plist */ = {isa = PBXFileReference; lastKnownFileType = text.plist.xml; path = Info.plist; sourceTree = "<group>"; };
		43659E43250983A6008E128D /* Group.swift */ = {isa = PBXFileReference; lastKnownFileType = sourcecode.swift; path = Group.swift; sourceTree = "<group>"; };
		43659E47250AA51A008E128D /* CameraEdit.swift */ = {isa = PBXFileReference; lastKnownFileType = sourcecode.swift; path = CameraEdit.swift; sourceTree = "<group>"; };
		43659E49250AA802008E128D /* MetaDataCell.swift */ = {isa = PBXFileReference; lastKnownFileType = sourcecode.swift; path = MetaDataCell.swift; sourceTree = "<group>"; };
		43659E4C250AACBF008E128D /* PersonHost.swift */ = {isa = PBXFileReference; lastKnownFileType = sourcecode.swift; path = PersonHost.swift; sourceTree = "<group>"; };
		43659E4E250AB20E008E128D /* userDate.swift */ = {isa = PBXFileReference; lastKnownFileType = sourcecode.swift; path = userDate.swift; sourceTree = "<group>"; };
		43659E50250AB642008E128D /* PersonSummary.swift */ = {isa = PBXFileReference; lastKnownFileType = sourcecode.swift; path = PersonSummary.swift; sourceTree = "<group>"; };
		43659E52250AD050008E128D /* Home.swift */ = {isa = PBXFileReference; lastKnownFileType = sourcecode.swift; path = Home.swift; sourceTree = "<group>"; };
		43659E54250AD101008E128D /* ViewRouter.swift */ = {isa = PBXFileReference; lastKnownFileType = sourcecode.swift; path = ViewRouter.swift; sourceTree = "<group>"; };
		43659E56250AF161008E128D /* CameraResult.swift */ = {isa = PBXFileReference; lastKnownFileType = sourcecode.swift; path = CameraResult.swift; sourceTree = "<group>"; };
		43659E58250BD5D1008E128D /* HistoryResult.swift */ = {isa = PBXFileReference; lastKnownFileType = sourcecode.swift; path = HistoryResult.swift; sourceTree = "<group>"; };
		43659E5A250BF966008E128D /* HomePage.swift */ = {isa = PBXFileReference; lastKnownFileType = sourcecode.swift; path = HomePage.swift; sourceTree = "<group>"; };
		43659E5C250BFB8F008E128D /* AIH-logo.jpg */ = {isa = PBXFileReference; lastKnownFileType = image.jpeg; path = "AIH-logo.jpg"; sourceTree = "<group>"; };
		43659E5F250C1371008E128D /* Welcome.swift */ = {isa = PBXFileReference; lastKnownFileType = sourcecode.swift; path = Welcome.swift; sourceTree = "<group>"; };
		43659E62250C13AD008E128D /* SideMenu.swift */ = {isa = PBXFileReference; lastKnownFileType = sourcecode.swift; path = SideMenu.swift; sourceTree = "<group>"; };
		43659E66250FB028008E128D /* SliderView.swift */ = {isa = PBXFileReference; lastKnownFileType = sourcecode.swift; path = SliderView.swift; sourceTree = "<group>"; };
		43659E68250FB590008E128D /* GroupSearch.swift */ = {isa = PBXFileReference; lastKnownFileType = sourcecode.swift; path = GroupSearch.swift; sourceTree = "<group>"; };
		43659E6A250FE2DF008E128D /* SearchResult.swift */ = {isa = PBXFileReference; lastKnownFileType = sourcecode.swift; path = SearchResult.swift; sourceTree = "<group>"; };
		43659E6C250FEE00008E128D /* TypicalButton.swift */ = {isa = PBXFileReference; lastKnownFileType = sourcecode.swift; path = TypicalButton.swift; sourceTree = "<group>"; };
		43659E6E2511064E008E128D /* PicCell.swift */ = {isa = PBXFileReference; lastKnownFileType = sourcecode.swift; path = PicCell.swift; sourceTree = "<group>"; };
		43659E702511078D008E128D /* StructView.swift */ = {isa = PBXFileReference; lastKnownFileType = sourcecode.swift; path = StructView.swift; sourceTree = "<group>"; };
		43659E7225112556008E128D /* GroupAddImage.swift */ = {isa = PBXFileReference; lastKnownFileType = sourcecode.swift; path = GroupAddImage.swift; sourceTree = "<group>"; };
		43659E7825116276008E128D /* GroupAdd.swift */ = {isa = PBXFileReference; lastKnownFileType = sourcecode.swift; path = GroupAdd.swift; sourceTree = "<group>"; };
		43659E7A251164C9008E128D /* EditImage.swift */ = {isa = PBXFileReference; lastKnownFileType = sourcecode.swift; path = EditImage.swift; sourceTree = "<group>"; };
		43659E7C251164D6008E128D /* SaveImage.swift */ = {isa = PBXFileReference; lastKnownFileType = sourcecode.swift; path = SaveImage.swift; sourceTree = "<group>"; };
		43659E80251264DD008E128D /* SearchSetting.swift */ = {isa = PBXFileReference; lastKnownFileType = sourcecode.swift; path = SearchSetting.swift; sourceTree = "<group>"; };
		43659E8225126DDE008E128D /* PhotoResult.swift */ = {isa = PBXFileReference; lastKnownFileType = sourcecode.swift; path = PhotoResult.swift; sourceTree = "<group>"; };
		43659E842512ACD9008E128D /* TargetImage.swift */ = {isa = PBXFileReference; lastKnownFileType = sourcecode.swift; path = TargetImage.swift; sourceTree = "<group>"; };
		43659E862512B47E008E128D /* SearchBar.swift */ = {isa = PBXFileReference; lastKnownFileType = sourcecode.swift; path = SearchBar.swift; sourceTree = "<group>"; };
		43659E882513A8CF008E128D /* SmallPortrait.swift */ = {isa = PBXFileReference; lastKnownFileType = sourcecode.swift; path = SmallPortrait.swift; sourceTree = "<group>"; };
		43659E8B2513B257008E128D /* ImageAdd.swift */ = {isa = PBXFileReference; lastKnownFileType = sourcecode.swift; path = ImageAdd.swift; sourceTree = "<group>"; };
		43659E8F2513BAE3008E128D /* GroupStructView.swift */ = {isa = PBXFileReference; lastKnownFileType = sourcecode.swift; path = GroupStructView.swift; sourceTree = "<group>"; };
		43659E912513BDA3008E128D /* ImageDetail.swift */ = {isa = PBXFileReference; lastKnownFileType = sourcecode.swift; path = ImageDetail.swift; sourceTree = "<group>"; };
		43659E932513D73B008E128D /* PersonDelete.swift */ = {isa = PBXFileReference; lastKnownFileType = sourcecode.swift; path = PersonDelete.swift; sourceTree = "<group>"; };
		43DD8A8425028BE50072A22B /* ImagePicker.swift */ = {isa = PBXFileReference; lastKnownFileType = sourcecode.swift; path = ImagePicker.swift; sourceTree = "<group>"; };
		43DD8A8625028C1D0072A22B /* PhotoCaptureView.swift */ = {isa = PBXFileReference; lastKnownFileType = sourcecode.swift; path = PhotoCaptureView.swift; sourceTree = "<group>"; };
		43DD8A8A2502BAF70072A22B /* TableView.swift */ = {isa = PBXFileReference; lastKnownFileType = sourcecode.swift; path = TableView.swift; sourceTree = "<group>"; };
		43DD8A932502DD740072A22B /* Person.swift */ = {isa = PBXFileReference; lastKnownFileType = sourcecode.swift; path = Person.swift; sourceTree = "<group>"; };
		43DD8A952502E17F0072A22B /* Data.swift */ = {isa = PBXFileReference; lastKnownFileType = sourcecode.swift; path = Data.swift; sourceTree = "<group>"; };
		43DD8A982502E1D00072A22B /* Data.json */ = {isa = PBXFileReference; lastKnownFileType = text.json; path = Data.json; sourceTree = "<group>"; };
		43DD8A9B2502E9C20072A22B /* Portrait.swift */ = {isa = PBXFileReference; lastKnownFileType = sourcecode.swift; path = Portrait.swift; sourceTree = "<group>"; };
		43DD8A9D2502EBF30072A22B /* test.jpg */ = {isa = PBXFileReference; explicitFileType = image.jpeg; path = test.jpg; sourceTree = "<group>"; };
		43DD8A9F25069E850072A22B /* turtlerock.jpg */ = {isa = PBXFileReference; lastKnownFileType = image.jpeg; path = turtlerock.jpg; sourceTree = "<group>"; };
		43DD8AA12506A3DE0072A22B /* PersonDetail.swift */ = {isa = PBXFileReference; lastKnownFileType = sourcecode.swift; path = PersonDetail.swift; sourceTree = "<group>"; };
		43DD8AA32506A94C0072A22B /* PersonRow.swift */ = {isa = PBXFileReference; lastKnownFileType = sourcecode.swift; path = PersonRow.swift; sourceTree = "<group>"; };
		43DD8AA52506AA530072A22B /* PersonList.swift */ = {isa = PBXFileReference; lastKnownFileType = sourcecode.swift; path = PersonList.swift; sourceTree = "<group>"; };
		43DD8AA72506B22A0072A22B /* hiddenlake.jpg */ = {isa = PBXFileReference; lastKnownFileType = image.jpeg; path = hiddenlake.jpg; sourceTree = "<group>"; };
		43DD8AA82506B22B0072A22B /* icybay.jpg */ = {isa = PBXFileReference; lastKnownFileType = image.jpeg; path = icybay.jpg; sourceTree = "<group>"; };
		43DD8AA92506B22B0072A22B /* twinlake.jpg */ = {isa = PBXFileReference; lastKnownFileType = image.jpeg; path = twinlake.jpg; sourceTree = "<group>"; };
		43DD8AAA2506B22C0072A22B /* chincoteague.jpg */ = {isa = PBXFileReference; lastKnownFileType = image.jpeg; path = chincoteague.jpg; sourceTree = "<group>"; };
		43DD8AAB2506B22C0072A22B /* lakemcdonald.jpg */ = {isa = PBXFileReference; lastKnownFileType = image.jpeg; path = lakemcdonald.jpg; sourceTree = "<group>"; };
		43DD8AAC2506B22D0072A22B /* chilkoottrail.jpg */ = {isa = PBXFileReference; lastKnownFileType = image.jpeg; path = chilkoottrail.jpg; sourceTree = "<group>"; };
		43DD8AAD2506B22D0072A22B /* stmarylake.jpg */ = {isa = PBXFileReference; lastKnownFileType = image.jpeg; path = stmarylake.jpg; sourceTree = "<group>"; };
		43DD8AAE2506B22E0072A22B /* turtlerock.jpg */ = {isa = PBXFileReference; lastKnownFileType = image.jpeg; name = turtlerock.jpg; path = "../../../../dev/swift-learm/BuildingListsAndNavigation 2/Complete/Landmarks/Landmarks/Resources/turtlerock.jpg"; sourceTree = "<group>"; };
		43DD8AAF2506B22E0072A22B /* yukon_charleyrivers.jpg */ = {isa = PBXFileReference; lastKnownFileType = image.jpeg; path = yukon_charleyrivers.jpg; sourceTree = "<group>"; };
		43DD8AB02506B22F0072A22B /* rainbowlake.jpg */ = {isa = PBXFileReference; lastKnownFileType = image.jpeg; path = rainbowlake.jpg; sourceTree = "<group>"; };
		43DD8AB12506B22F0072A22B /* silversalmoncreek.jpg */ = {isa = PBXFileReference; lastKnownFileType = image.jpeg; path = silversalmoncreek.jpg; sourceTree = "<group>"; };
		43DD8AB22506B2300072A22B /* umbagog.jpg */ = {isa = PBXFileReference; lastKnownFileType = image.jpeg; path = umbagog.jpg; sourceTree = "<group>"; };
		43DD8ABF2506B6B00072A22B /* blankImage.png */ = {isa = PBXFileReference; explicitFileType = image.jpeg; path = blankImage.png; sourceTree = "<group>"; };
		43DD8AC4250816650072A22B /* AlbumSelect.swift */ = {isa = PBXFileReference; lastKnownFileType = sourcecode.swift; path = AlbumSelect.swift; sourceTree = "<group>"; };
		43DD8AC6250816870072A22B /* AlbumResult.swift */ = {isa = PBXFileReference; lastKnownFileType = sourcecode.swift; path = AlbumResult.swift; sourceTree = "<group>"; };
		43DD8ACA250818F40072A22B /* HistoryDateSelector.swift */ = {isa = PBXFileReference; lastKnownFileType = sourcecode.swift; path = HistoryDateSelector.swift; sourceTree = "<group>"; };
		43DD8ACC250819150072A22B /* DateSelector.swift */ = {isa = PBXFileReference; lastKnownFileType = sourcecode.swift; path = DateSelector.swift; sourceTree = "<group>"; };
		43DD8AD0250930870072A22B /* SimilarityBar.swift */ = {isa = PBXFileReference; lastKnownFileType = sourcecode.swift; path = SimilarityBar.swift; sourceTree = "<group>"; };
/* End PBXFileReference section */

/* Begin PBXFrameworksBuildPhase section */
		434DE88A24FFF446000C2356 /* Frameworks */ = {
			isa = PBXFrameworksBuildPhase;
			buildActionMask = 2147483647;
			files = (
			);
			runOnlyForDeploymentPostprocessing = 0;
		};
		434DE8A024FFF44E000C2356 /* Frameworks */ = {
			isa = PBXFrameworksBuildPhase;
			buildActionMask = 2147483647;
			files = (
			);
			runOnlyForDeploymentPostprocessing = 0;
		};
		434DE8AB24FFF44E000C2356 /* Frameworks */ = {
			isa = PBXFrameworksBuildPhase;
			buildActionMask = 2147483647;
			files = (
			);
			runOnlyForDeploymentPostprocessing = 0;
		};
/* End PBXFrameworksBuildPhase section */

/* Begin PBXGroup section */
		434DE88424FFF446000C2356 = {
			isa = PBXGroup;
			children = (
				434DE88F24FFF446000C2356 /* AIHapp */,
				434DE8A624FFF44E000C2356 /* AIHappTests */,
				434DE8B124FFF44E000C2356 /* AIHappUITests */,
				434DE88E24FFF446000C2356 /* Products */,
			);
			sourceTree = "<group>";
		};
		434DE88E24FFF446000C2356 /* Products */ = {
			isa = PBXGroup;
			children = (
				434DE88D24FFF446000C2356 /* AIHapp.app */,
				434DE8A324FFF44E000C2356 /* AIHappTests.xctest */,
				434DE8AE24FFF44E000C2356 /* AIHappUITests.xctest */,
			);
			name = Products;
			sourceTree = "<group>";
		};
		434DE88F24FFF446000C2356 /* AIHapp */ = {
			isa = PBXGroup;
			children = (
				43659E8A2513B220008E128D /* ImageViews */,
				43659E61250C1390008E128D /* Home */,
				43659E5E250C1215008E128D /* Welcome */,
				43659E4B250AAC9E008E128D /* Person */,
				43DD8AC12508162A0072A22B /* AlbumViews */,
				43DD8AA12506A3DE0072A22B /* PersonDetail.swift */,
				43DD8AA32506A94C0072A22B /* PersonRow.swift */,
				43DD8AA52506AA530072A22B /* PersonList.swift */,
				43DD8A9A2502E9A60072A22B /* SubView */,
				43DD8A972502E1AA0072A22B /* Resources */,
				43DD8A912502DD4E0072A22B /* models */,
				434DE8C424FFF4E5000C2356 /* LoginView */,
				434DE8C324FFF4DE000C2356 /* HistoryViews */,
				434DE8C224FFF4C7000C2356 /* CameraView */,
				434DE8C024FFF47C000C2356 /* GroupViews */,
				434DE89024FFF446000C2356 /* AppDelegate.swift */,
				434DE89224FFF446000C2356 /* SceneDelegate.swift */,
				43DD8A8A2502BAF70072A22B /* TableView.swift */,
				434DE89624FFF44D000C2356 /* Assets.xcassets */,
				434DE89B24FFF44D000C2356 /* LaunchScreen.storyboard */,
				434DE89E24FFF44D000C2356 /* Info.plist */,
				434DE89824FFF44D000C2356 /* Preview Content */,
			);
			path = AIHapp;
			sourceTree = "<group>";
		};
		434DE89824FFF44D000C2356 /* Preview Content */ = {
			isa = PBXGroup;
			children = (
				434DE89924FFF44D000C2356 /* Preview Assets.xcassets */,
			);
			path = "Preview Content";
			sourceTree = "<group>";
		};
		434DE8A624FFF44E000C2356 /* AIHappTests */ = {
			isa = PBXGroup;
			children = (
				434DE8A724FFF44E000C2356 /* AIHappTests.swift */,
				434DE8A924FFF44E000C2356 /* Info.plist */,
			);
			path = AIHappTests;
			sourceTree = "<group>";
		};
		434DE8B124FFF44E000C2356 /* AIHappUITests */ = {
			isa = PBXGroup;
			children = (
				434DE8B224FFF44E000C2356 /* AIHappUITests.swift */,
				434DE8B424FFF44E000C2356 /* Info.plist */,
			);
			path = AIHappUITests;
			sourceTree = "<group>";
		};
		434DE8C024FFF47C000C2356 /* GroupViews */ = {
			isa = PBXGroup;
			children = (
				43659E68250FB590008E128D /* GroupSearch.swift */,
				43659E7225112556008E128D /* GroupAddImage.swift */,
				43659E7825116276008E128D /* GroupAdd.swift */,
				43659E862512B47E008E128D /* SearchBar.swift */,
				43659E8F2513BAE3008E128D /* GroupStructView.swift */,
				43659E912513BDA3008E128D /* ImageDetail.swift */,
			);
			path = GroupViews;
			sourceTree = "<group>";
		};
		434DE8C224FFF4C7000C2356 /* CameraView */ = {
			isa = PBXGroup;
			children = (
				43DD8A8625028C1D0072A22B /* PhotoCaptureView.swift */,
				43659E8225126DDE008E128D /* PhotoResult.swift */,
				434DE89424FFF446000C2356 /* CameraView.swift */,
				43659E47250AA51A008E128D /* CameraEdit.swift */,
				43659E80251264DD008E128D /* SearchSetting.swift */,
				43659E56250AF161008E128D /* CameraResult.swift */,
				43DD8A8425028BE50072A22B /* ImagePicker.swift */,
				43659E6A250FE2DF008E128D /* SearchResult.swift */,
				43659E7A251164C9008E128D /* EditImage.swift */,
				43659E7C251164D6008E128D /* SaveImage.swift */,
			);
			path = CameraView;
			sourceTree = "<group>";
		};
		434DE8C324FFF4DE000C2356 /* HistoryViews */ = {
			isa = PBXGroup;
			children = (
				43DD8ACA250818F40072A22B /* HistoryDateSelector.swift */,
				43659E58250BD5D1008E128D /* HistoryResult.swift */,
			);
			path = HistoryViews;
			sourceTree = "<group>";
		};
		434DE8C424FFF4E5000C2356 /* LoginView */ = {
			isa = PBXGroup;
			children = (
			);
			path = LoginView;
			sourceTree = "<group>";
		};
		43659E4B250AAC9E008E128D /* Person */ = {
			isa = PBXGroup;
			children = (
				43659E4C250AACBF008E128D /* PersonHost.swift */,
				43659E50250AB642008E128D /* PersonSummary.swift */,
			);
			path = Person;
			sourceTree = "<group>";
		};
		43659E5E250C1215008E128D /* Welcome */ = {
			isa = PBXGroup;
			children = (
				43659E5F250C1371008E128D /* Welcome.swift */,
			);
			path = Welcome;
			sourceTree = "<group>";
		};
		43659E61250C1390008E128D /* Home */ = {
			isa = PBXGroup;
			children = (
				43659E52250AD050008E128D /* Home.swift */,
				43659E5A250BF966008E128D /* HomePage.swift */,
				43659E54250AD101008E128D /* ViewRouter.swift */,
				43659E62250C13AD008E128D /* SideMenu.swift */,
			);
			path = Home;
			sourceTree = "<group>";
		};
		43659E8A2513B220008E128D /* ImageViews */ = {
			isa = PBXGroup;
			children = (
				43659E8B2513B257008E128D /* ImageAdd.swift */,
				43659E932513D73B008E128D /* PersonDelete.swift */,
			);
			path = ImageViews;
			sourceTree = "<group>";
		};
		43DD8A912502DD4E0072A22B /* models */ = {
			isa = PBXGroup;
			children = (
				43DD8A932502DD740072A22B /* Person.swift */,
				43DD8A952502E17F0072A22B /* Data.swift */,
				43659E43250983A6008E128D /* Group.swift */,
				43659E4E250AB20E008E128D /* userDate.swift */,
				43659E6E2511064E008E128D /* PicCell.swift */,
			);
			path = models;
			sourceTree = "<group>";
		};
		43DD8A972502E1AA0072A22B /* Resources */ = {
			isa = PBXGroup;
			children = (
				43DD8ABF2506B6B00072A22B /* blankImage.png */,
				43659E5C250BFB8F008E128D /* AIH-logo.jpg */,
				43DD8A9F25069E850072A22B /* turtlerock.jpg */,
				43DD8AAC2506B22D0072A22B /* chilkoottrail.jpg */,
				43DD8AAA2506B22C0072A22B /* chincoteague.jpg */,
				43DD8AA72506B22A0072A22B /* hiddenlake.jpg */,
				43DD8AA82506B22B0072A22B /* icybay.jpg */,
				43DD8AAB2506B22C0072A22B /* lakemcdonald.jpg */,
				43DD8AB02506B22F0072A22B /* rainbowlake.jpg */,
				43DD8AB12506B22F0072A22B /* silversalmoncreek.jpg */,
				43DD8AAD2506B22D0072A22B /* stmarylake.jpg */,
				43DD8AAE2506B22E0072A22B /* turtlerock.jpg */,
				43DD8AA92506B22B0072A22B /* twinlake.jpg */,
				43DD8AB22506B2300072A22B /* umbagog.jpg */,
				43DD8AAF2506B22E0072A22B /* yukon_charleyrivers.jpg */,
				43DD8A9D2502EBF30072A22B /* test.jpg */,
				43DD8A982502E1D00072A22B /* Data.json */,
			);
			path = Resources;
			sourceTree = "<group>";
		};
		43DD8A9A2502E9A60072A22B /* SubView */ = {
			isa = PBXGroup;
			children = (
				43DD8A9B2502E9C20072A22B /* Portrait.swift */,
				43659E66250FB028008E128D /* SliderView.swift */,
				43DD8ACC250819150072A22B /* DateSelector.swift */,
				43DD8AD0250930870072A22B /* SimilarityBar.swift */,
				43659E49250AA802008E128D /* MetaDataCell.swift */,
				43659E6C250FEE00008E128D /* TypicalButton.swift */,
				43659E882513A8CF008E128D /* SmallPortrait.swift */,
			);
			path = SubView;
			sourceTree = "<group>";
		};
		43DD8AC12508162A0072A22B /* AlbumViews */ = {
			isa = PBXGroup;
			children = (
				43659E702511078D008E128D /* StructView.swift */,
				43DD8AC4250816650072A22B /* AlbumSelect.swift */,
				43DD8AC6250816870072A22B /* AlbumResult.swift */,
				43659E842512ACD9008E128D /* TargetImage.swift */,
			);
			path = AlbumViews;
			sourceTree = "<group>";
		};
/* End PBXGroup section */

/* Begin PBXNativeTarget section */
		434DE88C24FFF446000C2356 /* AIHapp */ = {
			isa = PBXNativeTarget;
			buildConfigurationList = 434DE8B724FFF44E000C2356 /* Build configuration list for PBXNativeTarget "AIHapp" */;
			buildPhases = (
				434DE88924FFF446000C2356 /* Sources */,
				434DE88A24FFF446000C2356 /* Frameworks */,
				434DE88B24FFF446000C2356 /* Resources */,
			);
			buildRules = (
			);
			dependencies = (
			);
			name = AIHapp;
			productName = AIHapp;
			productReference = 434DE88D24FFF446000C2356 /* AIHapp.app */;
			productType = "com.apple.product-type.application";
		};
		434DE8A224FFF44E000C2356 /* AIHappTests */ = {
			isa = PBXNativeTarget;
			buildConfigurationList = 434DE8BA24FFF44E000C2356 /* Build configuration list for PBXNativeTarget "AIHappTests" */;
			buildPhases = (
				434DE89F24FFF44E000C2356 /* Sources */,
				434DE8A024FFF44E000C2356 /* Frameworks */,
				434DE8A124FFF44E000C2356 /* Resources */,
			);
			buildRules = (
			);
			dependencies = (
				434DE8A524FFF44E000C2356 /* PBXTargetDependency */,
			);
			name = AIHappTests;
			productName = AIHappTests;
			productReference = 434DE8A324FFF44E000C2356 /* AIHappTests.xctest */;
			productType = "com.apple.product-type.bundle.unit-test";
		};
		434DE8AD24FFF44E000C2356 /* AIHappUITests */ = {
			isa = PBXNativeTarget;
			buildConfigurationList = 434DE8BD24FFF44E000C2356 /* Build configuration list for PBXNativeTarget "AIHappUITests" */;
			buildPhases = (
				434DE8AA24FFF44E000C2356 /* Sources */,
				434DE8AB24FFF44E000C2356 /* Frameworks */,
				434DE8AC24FFF44E000C2356 /* Resources */,
			);
			buildRules = (
			);
			dependencies = (
				434DE8B024FFF44E000C2356 /* PBXTargetDependency */,
			);
			name = AIHappUITests;
			productName = AIHappUITests;
			productReference = 434DE8AE24FFF44E000C2356 /* AIHappUITests.xctest */;
			productType = "com.apple.product-type.bundle.ui-testing";
		};
/* End PBXNativeTarget section */

/* Begin PBXProject section */
		434DE88524FFF446000C2356 /* Project object */ = {
			isa = PBXProject;
			attributes = {
				LastSwiftUpdateCheck = 1160;
				LastUpgradeCheck = 1160;
				ORGANIZATIONNAME = "Cai Huichuan";
				TargetAttributes = {
					434DE88C24FFF446000C2356 = {
						CreatedOnToolsVersion = 11.6;
					};
					434DE8A224FFF44E000C2356 = {
						CreatedOnToolsVersion = 11.6;
						TestTargetID = 434DE88C24FFF446000C2356;
					};
					434DE8AD24FFF44E000C2356 = {
						CreatedOnToolsVersion = 11.6;
						TestTargetID = 434DE88C24FFF446000C2356;
					};
				};
			};
			buildConfigurationList = 434DE88824FFF446000C2356 /* Build configuration list for PBXProject "AIHapp" */;
			compatibilityVersion = "Xcode 9.3";
			developmentRegion = en;
			hasScannedForEncodings = 0;
			knownRegions = (
				en,
				Base,
			);
			mainGroup = 434DE88424FFF446000C2356;
			productRefGroup = 434DE88E24FFF446000C2356 /* Products */;
			projectDirPath = "";
			projectRoot = "";
			targets = (
				434DE88C24FFF446000C2356 /* AIHapp */,
				434DE8A224FFF44E000C2356 /* AIHappTests */,
				434DE8AD24FFF44E000C2356 /* AIHappUITests */,
			);
		};
/* End PBXProject section */

/* Begin PBXResourcesBuildPhase section */
		434DE88B24FFF446000C2356 /* Resources */ = {
			isa = PBXResourcesBuildPhase;
			buildActionMask = 2147483647;
			files = (
				434DE89D24FFF44D000C2356 /* LaunchScreen.storyboard in Resources */,
				43DD8AB82506B2300072A22B /* chilkoottrail.jpg in Resources */,
				43DD8ABA2506B2300072A22B /* turtlerock.jpg in Resources */,
				434DE89A24FFF44D000C2356 /* Preview Assets.xcassets in Resources */,
				43DD8ABB2506B2300072A22B /* yukon_charleyrivers.jpg in Resources */,
				43DD8AB92506B2300072A22B /* stmarylake.jpg in Resources */,
				43DD8ABE2506B2300072A22B /* umbagog.jpg in Resources */,
				43659E5D250BFB8F008E128D /* AIH-logo.jpg in Resources */,
				43DD8AB42506B2300072A22B /* icybay.jpg in Resources */,
				43DD8AA025069E860072A22B /* turtlerock.jpg in Resources */,
				43DD8AB62506B2300072A22B /* chincoteague.jpg in Resources */,
				434DE89724FFF44D000C2356 /* Assets.xcassets in Resources */,
				43DD8A9E2502EBF30072A22B /* test.jpg in Resources */,
				43DD8AC02506B6B00072A22B /* blankImage.png in Resources */,
				43DD8ABD2506B2300072A22B /* silversalmoncreek.jpg in Resources */,
				43DD8AB72506B2300072A22B /* lakemcdonald.jpg in Resources */,
				43DD8AB52506B2300072A22B /* twinlake.jpg in Resources */,
				43DD8ABC2506B2300072A22B /* rainbowlake.jpg in Resources */,
				43DD8A992502E1D00072A22B /* Data.json in Resources */,
				43DD8AB32506B2300072A22B /* hiddenlake.jpg in Resources */,
			);
			runOnlyForDeploymentPostprocessing = 0;
		};
		434DE8A124FFF44E000C2356 /* Resources */ = {
			isa = PBXResourcesBuildPhase;
			buildActionMask = 2147483647;
			files = (
			);
			runOnlyForDeploymentPostprocessing = 0;
		};
		434DE8AC24FFF44E000C2356 /* Resources */ = {
			isa = PBXResourcesBuildPhase;
			buildActionMask = 2147483647;
			files = (
			);
			runOnlyForDeploymentPostprocessing = 0;
		};
/* End PBXResourcesBuildPhase section */

/* Begin PBXSourcesBuildPhase section */
		434DE88924FFF446000C2356 /* Sources */ = {
			isa = PBXSourcesBuildPhase;
			buildActionMask = 2147483647;
			files = (
				43659E4F250AB20E008E128D /* userDate.swift in Sources */,
				43659E60250C1372008E128D /* Welcome.swift in Sources */,
				43659E902513BAE3008E128D /* GroupStructView.swift in Sources */,
				43659E48250AA51A008E128D /* CameraEdit.swift in Sources */,
				43DD8AC7250816870072A22B /* AlbumResult.swift in Sources */,
				43659E6D250FEE00008E128D /* TypicalButton.swift in Sources */,
				43659E59250BD5D1008E128D /* HistoryResult.swift in Sources */,
				43659E8325126DDE008E128D /* PhotoResult.swift in Sources */,
				43659E6B250FE2DF008E128D /* SearchResult.swift in Sources */,
				43DD8A942502DD740072A22B /* Person.swift in Sources */,
				434DE89124FFF446000C2356 /* AppDelegate.swift in Sources */,
				43DD8AA62506AA530072A22B /* PersonList.swift in Sources */,
				43659E53250AD050008E128D /* Home.swift in Sources */,
				43659E922513BDA3008E128D /* ImageDetail.swift in Sources */,
				43659E712511078D008E128D /* StructView.swift in Sources */,
				434DE89324FFF446000C2356 /* SceneDelegate.swift in Sources */,
				43659E4A250AA802008E128D /* MetaDataCell.swift in Sources */,
				43659E57250AF161008E128D /* CameraResult.swift in Sources */,
				43DD8A962502E1800072A22B /* Data.swift in Sources */,
				434DE89524FFF446000C2356 /* CameraView.swift in Sources */,
				43659E7925116276008E128D /* GroupAdd.swift in Sources */,
				43DD8A8525028BE50072A22B /* ImagePicker.swift in Sources */,
				43659E7B251164C9008E128D /* EditImage.swift in Sources */,
				43659E5B250BF966008E128D /* HomePage.swift in Sources */,
				43DD8ACD250819150072A22B /* DateSelector.swift in Sources */,
				43DD8AD1250930870072A22B /* SimilarityBar.swift in Sources */,
				43659E4D250AACBF008E128D /* PersonHost.swift in Sources */,
				43659E51250AB642008E128D /* PersonSummary.swift in Sources */,
				43659E6F2511064E008E128D /* PicCell.swift in Sources */,
				43659E44250983A6008E128D /* Group.swift in Sources */,
				43659E7D251164D6008E128D /* SaveImage.swift in Sources */,
				43659E852512ACD9008E128D /* TargetImage.swift in Sources */,
				43DD8AA22506A3DE0072A22B /* PersonDetail.swift in Sources */,
				43659E81251264DD008E128D /* SearchSetting.swift in Sources */,
				43DD8A8B2502BAF70072A22B /* TableView.swift in Sources */,
				43DD8A8725028C1D0072A22B /* PhotoCaptureView.swift in Sources */,
				43659E63250C13AD008E128D /* SideMenu.swift in Sources */,
				43DD8A9C2502E9C20072A22B /* Portrait.swift in Sources */,
				43659E892513A8CF008E128D /* SmallPortrait.swift in Sources */,
				43DD8AC5250816650072A22B /* AlbumSelect.swift in Sources */,
				43659E872512B47E008E128D /* SearchBar.swift in Sources */,
				43DD8ACB250818F40072A22B /* HistoryDateSelector.swift in Sources */,
				43DD8AA42506A94C0072A22B /* PersonRow.swift in Sources */,
				43659E55250AD101008E128D /* ViewRouter.swift in Sources */,
				43659E67250FB028008E128D /* SliderView.swift in Sources */,
				43659E8C2513B257008E128D /* ImageAdd.swift in Sources */,
				43659E7325112556008E128D /* GroupAddImage.swift in Sources */,
				43659E942513D73B008E128D /* PersonDelete.swift in Sources */,
				43659E69250FB590008E128D /* GroupSearch.swift in Sources */,
			);
			runOnlyForDeploymentPostprocessing = 0;
		};
		434DE89F24FFF44E000C2356 /* Sources */ = {
			isa = PBXSourcesBuildPhase;
			buildActionMask = 2147483647;
			files = (
				434DE8A824FFF44E000C2356 /* AIHappTests.swift in Sources */,
			);
			runOnlyForDeploymentPostprocessing = 0;
		};
		434DE8AA24FFF44E000C2356 /* Sources */ = {
			isa = PBXSourcesBuildPhase;
			buildActionMask = 2147483647;
			files = (
				434DE8B324FFF44E000C2356 /* AIHappUITests.swift in Sources */,
			);
			runOnlyForDeploymentPostprocessing = 0;
		};
/* End PBXSourcesBuildPhase section */

/* Begin PBXTargetDependency section */
		434DE8A524FFF44E000C2356 /* PBXTargetDependency */ = {
			isa = PBXTargetDependency;
			target = 434DE88C24FFF446000C2356 /* AIHapp */;
			targetProxy = 434DE8A424FFF44E000C2356 /* PBXContainerItemProxy */;
		};
		434DE8B024FFF44E000C2356 /* PBXTargetDependency */ = {
			isa = PBXTargetDependency;
			target = 434DE88C24FFF446000C2356 /* AIHapp */;
			targetProxy = 434DE8AF24FFF44E000C2356 /* PBXContainerItemProxy */;
		};
/* End PBXTargetDependency section */

/* Begin PBXVariantGroup section */
		434DE89B24FFF44D000C2356 /* LaunchScreen.storyboard */ = {
			isa = PBXVariantGroup;
			children = (
				434DE89C24FFF44D000C2356 /* Base */,
			);
			name = LaunchScreen.storyboard;
			sourceTree = "<group>";
		};
/* End PBXVariantGroup section */

/* Begin XCBuildConfiguration section */
		434DE8B524FFF44E000C2356 /* Debug */ = {
			isa = XCBuildConfiguration;
			buildSettings = {
				ALWAYS_SEARCH_USER_PATHS = NO;
				CLANG_ANALYZER_NONNULL = YES;
				CLANG_ANALYZER_NUMBER_OBJECT_CONVERSION = YES_AGGRESSIVE;
				CLANG_CXX_LANGUAGE_STANDARD = "gnu++14";
				CLANG_CXX_LIBRARY = "libc++";
				CLANG_ENABLE_MODULES = YES;
				CLANG_ENABLE_OBJC_ARC = YES;
				CLANG_ENABLE_OBJC_WEAK = YES;
				CLANG_WARN_BLOCK_CAPTURE_AUTORELEASING = YES;
				CLANG_WARN_BOOL_CONVERSION = YES;
				CLANG_WARN_COMMA = YES;
				CLANG_WARN_CONSTANT_CONVERSION = YES;
				CLANG_WARN_DEPRECATED_OBJC_IMPLEMENTATIONS = YES;
				CLANG_WARN_DIRECT_OBJC_ISA_USAGE = YES_ERROR;
				CLANG_WARN_DOCUMENTATION_COMMENTS = YES;
				CLANG_WARN_EMPTY_BODY = YES;
				CLANG_WARN_ENUM_CONVERSION = YES;
				CLANG_WARN_INFINITE_RECURSION = YES;
				CLANG_WARN_INT_CONVERSION = YES;
				CLANG_WARN_NON_LITERAL_NULL_CONVERSION = YES;
				CLANG_WARN_OBJC_IMPLICIT_RETAIN_SELF = YES;
				CLANG_WARN_OBJC_LITERAL_CONVERSION = YES;
				CLANG_WARN_OBJC_ROOT_CLASS = YES_ERROR;
				CLANG_WARN_RANGE_LOOP_ANALYSIS = YES;
				CLANG_WARN_STRICT_PROTOTYPES = YES;
				CLANG_WARN_SUSPICIOUS_MOVE = YES;
				CLANG_WARN_UNGUARDED_AVAILABILITY = YES_AGGRESSIVE;
				CLANG_WARN_UNREACHABLE_CODE = YES;
				CLANG_WARN__DUPLICATE_METHOD_MATCH = YES;
				COPY_PHASE_STRIP = NO;
				DEBUG_INFORMATION_FORMAT = dwarf;
				ENABLE_STRICT_OBJC_MSGSEND = YES;
				ENABLE_TESTABILITY = YES;
				GCC_C_LANGUAGE_STANDARD = gnu11;
				GCC_DYNAMIC_NO_PIC = NO;
				GCC_NO_COMMON_BLOCKS = YES;
				GCC_OPTIMIZATION_LEVEL = 0;
				GCC_PREPROCESSOR_DEFINITIONS = (
					"DEBUG=1",
					"$(inherited)",
				);
				GCC_WARN_64_TO_32_BIT_CONVERSION = YES;
				GCC_WARN_ABOUT_RETURN_TYPE = YES_ERROR;
				GCC_WARN_UNDECLARED_SELECTOR = YES;
				GCC_WARN_UNINITIALIZED_AUTOS = YES_AGGRESSIVE;
				GCC_WARN_UNUSED_FUNCTION = YES;
				GCC_WARN_UNUSED_VARIABLE = YES;
				IPHONEOS_DEPLOYMENT_TARGET = 13.6;
				MTL_ENABLE_DEBUG_INFO = INCLUDE_SOURCE;
				MTL_FAST_MATH = YES;
				ONLY_ACTIVE_ARCH = YES;
				SDKROOT = iphoneos;
				SWIFT_ACTIVE_COMPILATION_CONDITIONS = DEBUG;
				SWIFT_OPTIMIZATION_LEVEL = "-Onone";
			};
			name = Debug;
		};
		434DE8B624FFF44E000C2356 /* Release */ = {
			isa = XCBuildConfiguration;
			buildSettings = {
				ALWAYS_SEARCH_USER_PATHS = NO;
				CLANG_ANALYZER_NONNULL = YES;
				CLANG_ANALYZER_NUMBER_OBJECT_CONVERSION = YES_AGGRESSIVE;
				CLANG_CXX_LANGUAGE_STANDARD = "gnu++14";
				CLANG_CXX_LIBRARY = "libc++";
				CLANG_ENABLE_MODULES = YES;
				CLANG_ENABLE_OBJC_ARC = YES;
				CLANG_ENABLE_OBJC_WEAK = YES;
				CLANG_WARN_BLOCK_CAPTURE_AUTORELEASING = YES;
				CLANG_WARN_BOOL_CONVERSION = YES;
				CLANG_WARN_COMMA = YES;
				CLANG_WARN_CONSTANT_CONVERSION = YES;
				CLANG_WARN_DEPRECATED_OBJC_IMPLEMENTATIONS = YES;
				CLANG_WARN_DIRECT_OBJC_ISA_USAGE = YES_ERROR;
				CLANG_WARN_DOCUMENTATION_COMMENTS = YES;
				CLANG_WARN_EMPTY_BODY = YES;
				CLANG_WARN_ENUM_CONVERSION = YES;
				CLANG_WARN_INFINITE_RECURSION = YES;
				CLANG_WARN_INT_CONVERSION = YES;
				CLANG_WARN_NON_LITERAL_NULL_CONVERSION = YES;
				CLANG_WARN_OBJC_IMPLICIT_RETAIN_SELF = YES;
				CLANG_WARN_OBJC_LITERAL_CONVERSION = YES;
				CLANG_WARN_OBJC_ROOT_CLASS = YES_ERROR;
				CLANG_WARN_RANGE_LOOP_ANALYSIS = YES;
				CLANG_WARN_STRICT_PROTOTYPES = YES;
				CLANG_WARN_SUSPICIOUS_MOVE = YES;
				CLANG_WARN_UNGUARDED_AVAILABILITY = YES_AGGRESSIVE;
				CLANG_WARN_UNREACHABLE_CODE = YES;
				CLANG_WARN__DUPLICATE_METHOD_MATCH = YES;
				COPY_PHASE_STRIP = NO;
				DEBUG_INFORMATION_FORMAT = "dwarf-with-dsym";
				ENABLE_NS_ASSERTIONS = NO;
				ENABLE_STRICT_OBJC_MSGSEND = YES;
				GCC_C_LANGUAGE_STANDARD = gnu11;
				GCC_NO_COMMON_BLOCKS = YES;
				GCC_WARN_64_TO_32_BIT_CONVERSION = YES;
				GCC_WARN_ABOUT_RETURN_TYPE = YES_ERROR;
				GCC_WARN_UNDECLARED_SELECTOR = YES;
				GCC_WARN_UNINITIALIZED_AUTOS = YES_AGGRESSIVE;
				GCC_WARN_UNUSED_FUNCTION = YES;
				GCC_WARN_UNUSED_VARIABLE = YES;
				IPHONEOS_DEPLOYMENT_TARGET = 13.6;
				MTL_ENABLE_DEBUG_INFO = NO;
				MTL_FAST_MATH = YES;
				SDKROOT = iphoneos;
				SWIFT_COMPILATION_MODE = wholemodule;
				SWIFT_OPTIMIZATION_LEVEL = "-O";
				VALIDATE_PRODUCT = YES;
			};
			name = Release;
		};
		434DE8B824FFF44E000C2356 /* Debug */ = {
			isa = XCBuildConfiguration;
			buildSettings = {
				ASSETCATALOG_COMPILER_APPICON_NAME = AppIcon;
				CODE_SIGN_STYLE = Automatic;
				DEVELOPMENT_ASSET_PATHS = "\"AIHapp/Preview Content\"";
				DEVELOPMENT_TEAM = MFZLXFHVV3;
				ENABLE_PREVIEWS = YES;
				INFOPLIST_FILE = AIHapp/Info.plist;
				LD_RUNPATH_SEARCH_PATHS = (
					"$(inherited)",
					"@executable_path/Frameworks",
				);
				PRODUCT_BUNDLE_IDENTIFIER = com.BenjaminCai.AIHapp;
				PRODUCT_NAME = "$(TARGET_NAME)";
				SWIFT_VERSION = 5.0;
				TARGETED_DEVICE_FAMILY = "1,2";
			};
			name = Debug;
		};
		434DE8B924FFF44E000C2356 /* Release */ = {
			isa = XCBuildConfiguration;
			buildSettings = {
				ASSETCATALOG_COMPILER_APPICON_NAME = AppIcon;
				CODE_SIGN_STYLE = Automatic;
				DEVELOPMENT_ASSET_PATHS = "\"AIHapp/Preview Content\"";
				DEVELOPMENT_TEAM = MFZLXFHVV3;
				ENABLE_PREVIEWS = YES;
				INFOPLIST_FILE = AIHapp/Info.plist;
				LD_RUNPATH_SEARCH_PATHS = (
					"$(inherited)",
					"@executable_path/Frameworks",
				);
				PRODUCT_BUNDLE_IDENTIFIER = com.BenjaminCai.AIHapp;
				PRODUCT_NAME = "$(TARGET_NAME)";
				SWIFT_VERSION = 5.0;
				TARGETED_DEVICE_FAMILY = "1,2";
			};
			name = Release;
		};
		434DE8BB24FFF44E000C2356 /* Debug */ = {
			isa = XCBuildConfiguration;
			buildSettings = {
				ALWAYS_EMBED_SWIFT_STANDARD_LIBRARIES = YES;
				BUNDLE_LOADER = "$(TEST_HOST)";
				CODE_SIGN_STYLE = Automatic;
				INFOPLIST_FILE = AIHappTests/Info.plist;
				IPHONEOS_DEPLOYMENT_TARGET = 13.6;
				LD_RUNPATH_SEARCH_PATHS = (
					"$(inherited)",
					"@executable_path/Frameworks",
					"@loader_path/Frameworks",
				);
				PRODUCT_BUNDLE_IDENTIFIER = com.BenjaminCai.AIHappTests;
				PRODUCT_NAME = "$(TARGET_NAME)";
				SWIFT_VERSION = 5.0;
				TARGETED_DEVICE_FAMILY = "1,2";
				TEST_HOST = "$(BUILT_PRODUCTS_DIR)/AIHapp.app/AIHapp";
			};
			name = Debug;
		};
		434DE8BC24FFF44E000C2356 /* Release */ = {
			isa = XCBuildConfiguration;
			buildSettings = {
				ALWAYS_EMBED_SWIFT_STANDARD_LIBRARIES = YES;
				BUNDLE_LOADER = "$(TEST_HOST)";
				CODE_SIGN_STYLE = Automatic;
				INFOPLIST_FILE = AIHappTests/Info.plist;
				IPHONEOS_DEPLOYMENT_TARGET = 13.6;
				LD_RUNPATH_SEARCH_PATHS = (
					"$(inherited)",
					"@executable_path/Frameworks",
					"@loader_path/Frameworks",
				);
				PRODUCT_BUNDLE_IDENTIFIER = com.BenjaminCai.AIHappTests;
				PRODUCT_NAME = "$(TARGET_NAME)";
				SWIFT_VERSION = 5.0;
				TARGETED_DEVICE_FAMILY = "1,2";
				TEST_HOST = "$(BUILT_PRODUCTS_DIR)/AIHapp.app/AIHapp";
			};
			name = Release;
		};
		434DE8BE24FFF44E000C2356 /* Debug */ = {
			isa = XCBuildConfiguration;
			buildSettings = {
				ALWAYS_EMBED_SWIFT_STANDARD_LIBRARIES = YES;
				CODE_SIGN_STYLE = Automatic;
				INFOPLIST_FILE = AIHappUITests/Info.plist;
				LD_RUNPATH_SEARCH_PATHS = (
					"$(inherited)",
					"@executable_path/Frameworks",
					"@loader_path/Frameworks",
				);
				PRODUCT_BUNDLE_IDENTIFIER = com.BenjaminCai.AIHappUITests;
				PRODUCT_NAME = "$(TARGET_NAME)";
				SWIFT_VERSION = 5.0;
				TARGETED_DEVICE_FAMILY = "1,2";
				TEST_TARGET_NAME = AIHapp;
			};
			name = Debug;
		};
		434DE8BF24FFF44E000C2356 /* Release */ = {
			isa = XCBuildConfiguration;
			buildSettings = {
				ALWAYS_EMBED_SWIFT_STANDARD_LIBRARIES = YES;
				CODE_SIGN_STYLE = Automatic;
				INFOPLIST_FILE = AIHappUITests/Info.plist;
				LD_RUNPATH_SEARCH_PATHS = (
					"$(inherited)",
					"@executable_path/Frameworks",
					"@loader_path/Frameworks",
				);
				PRODUCT_BUNDLE_IDENTIFIER = com.BenjaminCai.AIHappUITests;
				PRODUCT_NAME = "$(TARGET_NAME)";
				SWIFT_VERSION = 5.0;
				TARGETED_DEVICE_FAMILY = "1,2";
				TEST_TARGET_NAME = AIHapp;
			};
			name = Release;
		};
/* End XCBuildConfiguration section */

/* Begin XCConfigurationList section */
		434DE88824FFF446000C2356 /* Build configuration list for PBXProject "AIHapp" */ = {
			isa = XCConfigurationList;
			buildConfigurations = (
				434DE8B524FFF44E000C2356 /* Debug */,
				434DE8B624FFF44E000C2356 /* Release */,
			);
			defaultConfigurationIsVisible = 0;
			defaultConfigurationName = Release;
		};
		434DE8B724FFF44E000C2356 /* Build configuration list for PBXNativeTarget "AIHapp" */ = {
			isa = XCConfigurationList;
			buildConfigurations = (
				434DE8B824FFF44E000C2356 /* Debug */,
				434DE8B924FFF44E000C2356 /* Release */,
			);
			defaultConfigurationIsVisible = 0;
			defaultConfigurationName = Release;
		};
		434DE8BA24FFF44E000C2356 /* Build configuration list for PBXNativeTarget "AIHappTests" */ = {
			isa = XCConfigurationList;
			buildConfigurations = (
				434DE8BB24FFF44E000C2356 /* Debug */,
				434DE8BC24FFF44E000C2356 /* Release */,
			);
			defaultConfigurationIsVisible = 0;
			defaultConfigurationName = Release;
		};
		434DE8BD24FFF44E000C2356 /* Build configuration list for PBXNativeTarget "AIHappUITests" */ = {
			isa = XCConfigurationList;
			buildConfigurations = (
				434DE8BE24FFF44E000C2356 /* Debug */,
				434DE8BF24FFF44E000C2356 /* Release */,
			);
			defaultConfigurationIsVisible = 0;
			defaultConfigurationName = Release;
		};
/* End XCConfigurationList section */
	};
	rootObject = 434DE88524FFF446000C2356 /* Project object */;
}
